
Microsoft Visual Studio Solution File, Format Version 12.00
# Visual Studio 15
VisualStudioVersion = 15.0.27130.2027
MinimumVisualStudioVersion = 10.0.40219.1
Project("{FAE04EC0-301F-11D3-BF4B-00C04F79EFBC}") = "BloomBergConsumer", "BloomBergConsumer\BloomBergConsumer.csproj", "{AC7006C3-18A9-441B-A889-4247B992228B}"
EndProject
Global
	GlobalSection(SolutionConfigurationPlatforms) = preSolution
		Debug|Any CPU = Debug|Any CPU
		Release|Any CPU = Release|Any CPU
	EndGlobalSection
	GlobalSection(ProjectConfigurationPlatforms) = postSolution
		{AC7006C3-18A9-441B-A889-4247B992228B}.Debug|Any CPU.ActiveCfg = Debug|Any CPU
		{AC7006C3-18A9-441B-A889-4247B992228B}.Debug|Any CPU.Build.0 = Debug|Any CPU
		{AC7006C3-18A9-441B-A889-4247B992228B}.Release|Any CPU.ActiveCfg = Release|Any CPU
		{AC7006C3-18A9-441B-A889-4247B992228B}.Release|Any CPU.Build.0 = Release|Any CPU
	EndGlobalSection
	GlobalSection(SolutionProperties) = preSolution
		HideSolutionNode = FALSE
	EndGlobalSection
	GlobalSection(ExtensibilityGlobals) = postSolution
		SolutionGuid = {D55DA558-1DBD-4F49-A223-3D37D2FFB5EA}
	EndGlobalSection
EndGlobal
